{
    "name": "nodejsDriverFindAndCursors",
    "version": "0.1.0",
    "lockfileVersion": 1,
    "requires": true,
    "dependencies": {
        "argv-tools": {
            "version": "0.1.1",
            "resolved": "https://registry.npmjs.org/argv-tools/-/argv-tools-0.1.1.tgz",
            "integrity": "sha512-Cc0dBvx4dvrjjKpyDA6w8RlNAw8Su30NvZbWl/Tv9ZALEVlLVkWQiHMi84Q0xNfpVuSaiQbYkdmWK8g1PLGhKw==",
            "requires": {
                "array-back": "2.0.0",
                "find-replace": "2.0.1"
            }
        },
        "array-back": {
            "version": "2.0.0",
            "resolved": "https://registry.npmjs.org/array-back/-/array-back-2.0.0.tgz",
            "integrity": "sha512-eJv4pLLufP3g5kcZry0j6WXpIbzYw9GUB4mVJZno9wfwiBxbizTnHCw3VJb07cBihbFX48Y7oSrW9y+gt4glyw==",
            "requires": {
                "typical": "2.6.1"
            }
        },
        "bson": {
            "version": "0.4.23",
            "resolved": "https://registry.npmjs.org/bson/-/bson-0.4.23.tgz",
            "integrity": "sha1-5louPHUH/63kEJvHV1p25Q+NqRU="
        },
        "command-line-args": {
            "version": "5.0.2",
            "resolved": "https://registry.npmjs.org/command-line-args/-/command-line-args-5.0.2.tgz",
            "integrity": "sha512-/qPcbL8zpqg53x4rAaqMFlRV4opN3pbla7I7k9x8kyOBMQoGT6WltjN6sXZuxOXw6DgdK7Ad+ijYS5gjcr7vlA==",
            "requires": {
                "argv-tools": "0.1.1",
                "array-back": "2.0.0",
                "find-replace": "2.0.1",
                "lodash.camelcase": "4.3.0",
                "typical": "2.6.1"
            }
        },
        "core-util-is": {
            "version": "1.0.2",
            "resolved": "https://registry.npmjs.org/core-util-is/-/core-util-is-1.0.2.tgz",
            "integrity": "sha1-tf1UIgqivFq1eqtxQMlAdUUDwac="
        },
        "es6-promise": {
            "version": "3.0.2",
            "resolved": "https://registry.npmjs.org/es6-promise/-/es6-promise-3.0.2.tgz",
            "integrity": "sha1-AQ1YWEI6XxGJeWZfRkhqlcbuK7Y="
        },
        "find-replace": {
            "version": "2.0.1",
            "resolved": "https://registry.npmjs.org/find-replace/-/find-replace-2.0.1.tgz",
            "integrity": "sha512-LzDo3Fpa30FLIBsh6DCDnMN1KW2g4QKkqKmejlImgWY67dDFPX/x9Kh/op/GK522DchQXEvDi/wD48HKW49XOQ==",
            "requires": {
                "array-back": "2.0.0",
                "test-value": "3.0.0"
            }
        },
        "inherits": {
            "version": "2.0.3",
            "resolved": "https://registry.npmjs.org/inherits/-/inherits-2.0.3.tgz",
            "integrity": "sha1-Yzwsg+PaQqUC9SRmAiSA9CCCYd4="
        },
        "isarray": {
            "version": "0.0.1",
            "resolved": "https://registry.npmjs.org/isarray/-/isarray-0.0.1.tgz",
            "integrity": "sha1-ihis/Kmo9Bd+Cav8YDiTmwXR7t8="
        },
        "lodash.camelcase": {
            "version": "4.3.0",
            "resolved": "https://registry.npmjs.org/lodash.camelcase/-/lodash.camelcase-4.3.0.tgz",
            "integrity": "sha1-soqmKIorn8ZRA1x3EfZathkDMaY="
        },
        "mongodb": {
            "version": "2.1.21",
            "resolved": "https://registry.npmjs.org/mongodb/-/mongodb-2.1.21.tgz",
            "integrity": "sha1-dkcJ28zrWCW06zH5U5X5Zf1EInI=",
            "requires": {
                "es6-promise": "3.0.2",
                "mongodb-core": "1.3.21",
                "readable-stream": "1.0.31"
            }
        },
        "mongodb-core": {
            "version": "1.3.21",
            "resolved": "https://registry.npmjs.org/mongodb-core/-/mongodb-core-1.3.21.tgz",
            "integrity": "sha1-/hKee+4rOybBQJ3gKrYNA/YpHMo=",
            "requires": {
                "bson": "0.4.23",
                "require_optional": "1.0.1"
            }
        },
        "readable-stream": {
            "version": "1.0.31",
            "resolved": "https://registry.npmjs.org/readable-stream/-/readable-stream-1.0.31.tgz",
            "integrity": "sha1-jyUC4LyeOw2huUUgqrtOJgPsr64=",
            "requires": {
                "core-util-is": "1.0.2",
                "inherits": "2.0.3",
                "isarray": "0.0.1",
                "string_decoder": "0.10.31"
            }
        },
        "require_optional": {
            "version": "1.0.1",
            "resolved": "https://registry.npmjs.org/require_optional/-/require_optional-1.0.1.tgz",
            "integrity": "sha512-qhM/y57enGWHAe3v/NcwML6a3/vfESLe/sGM2dII+gEO0BpKRUkWZow/tyloNqJyN6kXSl3RyyM8Ll5D/sJP8g==",
            "requires": {
                "resolve-from": "2.0.0",
                "semver": "5.5.0"
            }
        },
        "resolve-from": {
            "version": "2.0.0",
            "resolved": "https://registry.npmjs.org/resolve-from/-/resolve-from-2.0.0.tgz",
            "integrity": "sha1-lICrIOlP+h2egKgEx+oUdhGWa1c="
        },
        "semver": {
            "version": "5.5.0",
            "resolved": "https://registry.npmjs.org/semver/-/semver-5.5.0.tgz",
            "integrity": "sha512-4SJ3dm0WAwWy/NVeioZh5AntkdJoWKxHxcmyP622fOkgHa4z3R0TdBJICINyaSDE6uNwVc8gZr+ZinwZAH4xIA=="
        },
        "string_decoder": {
            "version": "0.10.31",
            "resolved": "https://registry.npmjs.org/string_decoder/-/string_decoder-0.10.31.tgz",
            "integrity": "sha1-YuIDvEF2bGwoyfyEMB2rHFMQ+pQ="
        },
        "test-value": {
            "version": "3.0.0",
            "resolved": "https://registry.npmjs.org/test-value/-/test-value-3.0.0.tgz",
            "integrity": "sha512-sVACdAWcZkSU9x7AOmJo5TqE+GyNJknHaHsMrR6ZnhjVlVN9Yx6FjHrsKZ3BjIpPCT68zYesPWkakrNupwfOTQ==",
            "requires": {
                "array-back": "2.0.0",
                "typical": "2.6.1"
            }
        },
        "typical": {
            "version": "2.6.1",
            "resolved": "https://registry.npmjs.org/typical/-/typical-2.6.1.tgz",
            "integrity": "sha1-XAgOXWYcu+OCWdLnCjxyU+hziB0="
        }
    }
}
